
Microsoft Visual Studio Solution File, Format Version 12.00
# Visual Studio Version 17
VisualStudioVersion = 17.2.32317.152
MinimumVisualStudioVersion = 10.0.40219.1
Project("{2150E333-8FDC-42A3-9474-1A3956D46DE8}") = "README", "README", "{3327FCB8-5FB0-45BE-9718-3D78A671F09D}"
	ProjectSection(SolutionItems) = preProject
		LICENSE = LICENSE
		README.md = README.md
		RELEASE-NOTES.txt = RELEASE-NOTES.txt
	EndProjectSection
EndProject
Project("{9A19103F-16F7-4668-BE54-9A1E7A4F7556}") = "EFCore.AnnotationBasedModelBuilder", "EFCore.AnnotationBasedModelBuilder\EFCore.AnnotationBasedModelBuilder.csproj", "{AE3BF733-0326-4085-88E4-852576C8871E}"
EndProject
Project("{9A19103F-16F7-4668-BE54-9A1E7A4F7556}") = "EFCore.AnnotationBasedModelBuilder.Test", "EFCore.AnnotationBasedModelBuilder.Test\EFCore.AnnotationBasedModelBuilder.Test.csproj", "{AABC028F-5CF0-4CC3-A9A4-48EE8F6C3765}"
EndProject
Global
	GlobalSection(SolutionConfigurationPlatforms) = preSolution
		Debug|Any CPU = Debug|Any CPU
		Release|Any CPU = Release|Any CPU
	EndGlobalSection
	GlobalSection(ProjectConfigurationPlatforms) = postSolution
		{AE3BF733-0326-4085-88E4-852576C8871E}.Debug|Any CPU.ActiveCfg = Debug|Any CPU
		{AE3BF733-0326-4085-88E4-852576C8871E}.Debug|Any CPU.Build.0 = Debug|Any CPU
		{AE3BF733-0326-4085-88E4-852576C8871E}.Release|Any CPU.ActiveCfg = Release|Any CPU
		{AE3BF733-0326-4085-88E4-852576C8871E}.Release|Any CPU.Build.0 = Release|Any CPU
		{AABC028F-5CF0-4CC3-A9A4-48EE8F6C3765}.Debug|Any CPU.ActiveCfg = Debug|Any CPU
		{AABC028F-5CF0-4CC3-A9A4-48EE8F6C3765}.Debug|Any CPU.Build.0 = Debug|Any CPU
		{AABC028F-5CF0-4CC3-A9A4-48EE8F6C3765}.Release|Any CPU.ActiveCfg = Release|Any CPU
		{AABC028F-5CF0-4CC3-A9A4-48EE8F6C3765}.Release|Any CPU.Build.0 = Release|Any CPU
	EndGlobalSection
	GlobalSection(SolutionProperties) = preSolution
		HideSolutionNode = FALSE
	EndGlobalSection
	GlobalSection(ExtensibilityGlobals) = postSolution
		SolutionGuid = {EE2C4312-676E-4DAF-B680-B635DF402AD5}
	EndGlobalSection
EndGlobal
